lockfileVersion: '9.0'

settings:
  autoInstallPeers: true
  excludeLinksFromLockfile: false

importers:

  .:
    dependencies:
      '@iconify-json/mdi':
        specifier: ^1.2.3
        version: 1.2.3

packages:

  '@iconify-json/mdi@1.2.3':
    resolution: {integrity: sha512-O3cLwbDOK7NNDf2ihaQOH5F9JglnulNDFV7WprU2dSoZu3h3cWH//h74uQAB87brHmvFVxIOkuBX2sZSzYhScg==}

  '@iconify/types@2.0.0':
    resolution: {integrity: sha512-+wluvCrRhXrhyOmRDJ3q8mux9JkKy5SJ/v8ol2tu4FVjyYvtEzkc/3pK15ET6RKg4b4w4BmTk1+gsCUhf21Ykg==}

snapshots:

  '@iconify-json/mdi@1.2.3':
    dependencies:
      '@iconify/types': 2.0.0

  '@iconify/types@2.0.0': {}
