
Microsoft Visual Studio Solution File, Format Version 12.00
# Visual Studio Version 17
VisualStudioVersion = 17.13.35913.81 d17.13
MinimumVisualStudioVersion = 10.0.40219.1
Project("{FAE04EC0-301F-11D3-BF4B-00C04F79EFBC}") = "05-clases-abstractas-herencia-polimorfismo-override", "05-clases-abstractas-herencia-polimorfismo-override.csproj", "{3B9F1F83-D199-4CB9-BCDA-0D708ED47329}"
EndProject
Global
	GlobalSection(SolutionConfigurationPlatforms) = preSolution
		Debug|Any CPU = Debug|Any CPU
		Release|Any CPU = Release|Any CPU
	EndGlobalSection
	GlobalSection(ProjectConfigurationPlatforms) = postSolution
		{3B9F1F83-D199-4CB9-BCDA-0D708ED47329}.Debug|Any CPU.ActiveCfg = Debug|Any CPU
		{3B9F1F83-D199-4CB9-BCDA-0D708ED47329}.Debug|Any CPU.Build.0 = Debug|Any CPU
		{3B9F1F83-D199-4CB9-BCDA-0D708ED47329}.Release|Any CPU.ActiveCfg = Release|Any CPU
		{3B9F1F83-D199-4CB9-BCDA-0D708ED47329}.Release|Any CPU.Build.0 = Release|Any CPU
	EndGlobalSection
	GlobalSection(SolutionProperties) = preSolution
		HideSolutionNode = FALSE
	EndGlobalSection
	GlobalSection(ExtensibilityGlobals) = postSolution
		SolutionGuid = {86F0D6ED-5E8E-4B55-86EA-8732D85C0AE3}
	EndGlobalSection
EndGlobal
