
Microsoft Visual Studio Solution File, Format Version 12.00
# Visual Studio Version 17
VisualStudioVersion = 17.14.36127.28 d17.14
MinimumVisualStudioVersion = 10.0.40219.1
Project("{FAE04EC0-301F-11D3-BF4B-00C04F79EFBC}") = "07-tp-analisis-matematico", "07-tp-analisis-matematico.csproj", "{FB04AD8F-C9E7-4653-A0A1-4F5F66CB6F9C}"
EndProject
Global
	GlobalSection(SolutionConfigurationPlatforms) = preSolution
		Debug|Any CPU = Debug|Any CPU
		Release|Any CPU = Release|Any CPU
	EndGlobalSection
	GlobalSection(ProjectConfigurationPlatforms) = postSolution
		{FB04AD8F-C9E7-4653-A0A1-4F5F66CB6F9C}.Debug|Any CPU.ActiveCfg = Debug|Any CPU
		{FB04AD8F-C9E7-4653-A0A1-4F5F66CB6F9C}.Debug|Any CPU.Build.0 = Debug|Any CPU
		{FB04AD8F-C9E7-4653-A0A1-4F5F66CB6F9C}.Release|Any CPU.ActiveCfg = Release|Any CPU
		{FB04AD8F-C9E7-4653-A0A1-4F5F66CB6F9C}.Release|Any CPU.Build.0 = Release|Any CPU
	EndGlobalSection
	GlobalSection(SolutionProperties) = preSolution
		HideSolutionNode = FALSE
	EndGlobalSection
	GlobalSection(ExtensibilityGlobals) = postSolution
		SolutionGuid = {1BAF1FCE-6503-4272-B1C0-35B3B7ADA44F}
	EndGlobalSection
EndGlobal
